
Microsoft Visual Studio Solution File, Format Version 12.00
# Visual Studio Version 17
VisualStudioVersion = 17.9.34714.143
MinimumVisualStudioVersion = 10.0.40219.1
Project("{FAE04EC0-301F-11D3-BF4B-00C04F79EFBC}") = "WinFormsApp1", "WinFormsApp1.csproj", "{337C907E-2DCD-46BD-A8E8-81236A9D8D3C}"
EndProject
Global
	GlobalSection(SolutionConfigurationPlatforms) = preSolution
		Debug|Any CPU = Debug|Any CPU
		Release|Any CPU = Release|Any CPU
	EndGlobalSection
	GlobalSection(ProjectConfigurationPlatforms) = postSolution
		{337C907E-2DCD-46BD-A8E8-81236A9D8D3C}.Debug|Any CPU.ActiveCfg = Debug|Any CPU
		{337C907E-2DCD-46BD-A8E8-81236A9D8D3C}.Debug|Any CPU.Build.0 = Debug|Any CPU
		{337C907E-2DCD-46BD-A8E8-81236A9D8D3C}.Release|Any CPU.ActiveCfg = Release|Any CPU
		{337C907E-2DCD-46BD-A8E8-81236A9D8D3C}.Release|Any CPU.Build.0 = Release|Any CPU
	EndGlobalSection
	GlobalSection(SolutionProperties) = preSolution
		HideSolutionNode = FALSE
	EndGlobalSection
	GlobalSection(ExtensibilityGlobals) = postSolution
		SolutionGuid = {F2611F2F-C98A-4398-8F77-2CA72B13A0F4}
	EndGlobalSection
EndGlobal
